{
  "name": "digital-ocean-dynamic-dns",
  "version": "1.0.0",
  "lockfileVersion": 1,
  "requires": true,
  "dependencies": {
    "@types/jest": {
      "version": "24.0.15",
      "resolved": "https://registry.npmjs.org/@types/jest/-/jest-24.0.15.tgz",
      "integrity": "sha512-MU1HIvWUme74stAoc3mgAi+aMlgKOudgEvQDIm1v4RkrDudBh1T+NFp5sftpBAdXdx1J0PbdpJ+M2EsSOi1djA==",
      "dev": true,
      "requires": {
        "@types/jest-diff": "*"
      }
    },
    "@types/jest-diff": {
      "version": "20.0.1",
      "resolved": "https://registry.npmjs.org/@types/jest-diff/-/jest-diff-20.0.1.tgz",
      "integrity": "sha512-yALhelO3i0hqZwhjtcr6dYyaLoCHbAMshwtj6cGxTvHZAKXHsYGdff6E8EPw3xLKY0ELUTQ69Q1rQiJENnccMA==",
      "dev": true
    },
    "chalk": {
      "version": "1.1.3",
      "resolved": "http://npmjs.favequest.net:4873/chalk/-/chalk-1.1.3.tgz",
      "integrity": "sha1-qBFcVeSnAv5NFQq9OHKCKn4J/Jg="
    },
    "check": {
      "version": "1.0.0",
      "resolved": "http://npmjs.favequest.net:4873/check/-/check-1.0.0.tgz",
      "integrity": "sha1-Ps9fDIYeubrnjO0pcjkIOs8YGrk="
    },
    "co": {
      "version": "4.6.0",
      "resolved": "http://npmjs.favequest.net:4873/co/-/co-4.6.0.tgz",
      "integrity": "sha1-bqa989hTrlTMuOR7+gvz+QMfsYQ="
    },
    "commander": {
      "version": "2.9.0",
      "resolved": "http://npmjs.favequest.net:4873/commander/-/commander-2.9.0.tgz",
      "integrity": "sha1-nJkJQXbhIkDLItbFFGCYQA/g99Q="
    },
    "jest": {
      "version": "20.0.4",
      "resolved": "http://npmjs.favequest.net:4873/jest/-/jest-20.0.4.tgz",
      "integrity": "sha1-PdJgwpidba1nix6cxNkZRPbWAqw=",
      "dev": true,
      "dependencies": {
        "jest-cli": {
          "version": "20.0.4",
          "resolved": "http://npmjs.favequest.net:4873/jest-cli/-/jest-cli-20.0.4.tgz",
          "integrity": "sha1-5TKxnYiuW8bEF+iwWTpv6VSx3JM="
        }
      }
    },
    "public-ip": {
      "version": "2.3.5",
      "resolved": "http://npmjs.favequest.net:4873/public-ip/-/public-ip-2.3.5.tgz",
      "integrity": "sha1-fXhHYliBV2unofpBCwl43yOb33U="
    },
    "ramda": {
      "version": "0.24.1",
      "resolved": "http://npmjs.favequest.net:4873/ramda/-/ramda-0.24.1.tgz",
      "integrity": "sha1-w7d1UZfzW43DUCIoJixMkd22uFc="
    },
    "request": {
      "version": "2.81.0",
      "resolved": "http://npmjs.favequest.net:4873/request/-/request-2.81.0.tgz",
      "integrity": "sha1-xpKJRqDgbF+Nb4qTM0af/aRimKA="
    },
    "request-promise": {
      "version": "4.2.1",
      "resolved": "http://npmjs.favequest.net:4873/request-promise/-/request-promise-4.2.1.tgz",
      "integrity": "sha1-fuxWyJMXqCLL/qmbA5zlQ8LhX2c="
    }
  }
}
